
Microsoft Visual Studio Solution File, Format Version 12.00
# Visual Studio Version 17
VisualStudioVersion = 17.8.34330.188
MinimumVisualStudioVersion = 10.0.40219.1
Project("{FAE04EC0-301F-11D3-BF4B-00C04F79EFBC}") = "TT Edit", "TT Edit.csproj", "{71F44DF4-37E0-4703-8E1C-789C0179A278}"
EndProject
Global
	GlobalSection(SolutionConfigurationPlatforms) = preSolution
		Debug|Any CPU = Debug|Any CPU
		Release|Any CPU = Release|Any CPU
	EndGlobalSection
	GlobalSection(ProjectConfigurationPlatforms) = postSolution
		{71F44DF4-37E0-4703-8E1C-789C0179A278}.Debug|Any CPU.ActiveCfg = Debug|Any CPU
		{71F44DF4-37E0-4703-8E1C-789C0179A278}.Debug|Any CPU.Build.0 = Debug|Any CPU
		{71F44DF4-37E0-4703-8E1C-789C0179A278}.Release|Any CPU.ActiveCfg = Release|Any CPU
		{71F44DF4-37E0-4703-8E1C-789C0179A278}.Release|Any CPU.Build.0 = Release|Any CPU
	EndGlobalSection
	GlobalSection(SolutionProperties) = preSolution
		HideSolutionNode = FALSE
	EndGlobalSection
	GlobalSection(ExtensibilityGlobals) = postSolution
		SolutionGuid = {B496AE2F-207A-41B7-8B32-8C0CCA15C194}
	EndGlobalSection
EndGlobal
